{
  "name": "code-gui",
  "version": "1.1.1",
  "lockfileVersion": 3,
  "requires": true,
  "packages": {
    "": {
      "name": "code-gui",
      "version": "1.1.1",
      "license": "ISC",
      "dependencies": {
        "colors": "^1.4.0",
        "loaddir": "^2.1.4"
      }
    },
    "node_modules/callsite": {
      "version": "1.0.0",
      "resolved": "https://registry.npmjs.org/callsite/-/callsite-1.0.0.tgz",
      "integrity": "sha512-0vdNRFXn5q+dtOqjfFtmtlI9N2eVZ7LMyEV2iKC5mEEFvSg/69Ml6b/WU2qF8W1nLRa0wiSrDT3Y5jOHZCwKPQ==",
      "engines": {
        "node": "*"
      }
    },
    "node_modules/coffee-script": {
      "version": "1.12.7",
      "resolved": "https://registry.npmjs.org/coffee-script/-/coffee-script-1.12.7.tgz",
      "integrity": "sha512-fLeEhqwymYat/MpTPUjSKHVYYl0ec2mOyALEMLmzr5i1isuG+6jfI2j2d5oBO3VIzgUXgBVIcOT9uH1TFxBckw==",
      "deprecated": "CoffeeScript on NPM has moved to \"coffeescript\" (no hyphen)",
      "bin": {
        "cake": "bin/cake",
        "coffee": "bin/coffee"
      },
      "engines": {
        "node": ">=0.8.0"
      }
    },
    "node_modules/colors": {
      "version": "1.4.0",
      "resolved": "https://registry.npmjs.org/colors/-/colors-1.4.0.tgz",
      "integrity": "sha512-a+UqTh4kgZg/SlGvfbzDHpgRu7AAQOmmqRHJnxhRZICKFUT91brVhNNt58CMWU9PsBbv3PDCZUHbVxuDiH2mtA==",
      "engines": {
        "node": ">=0.1.90"
      }
    },
    "node_modules/debug": {
      "version": "0.8.1",
      "resolved": "https://registry.npmjs.org/debug/-/debug-0.8.1.tgz",
      "integrity": "sha512-HlXEJm99YsRjLJ8xmuz0Lq8YUwrv7hAJkTEr6/Em3sUlSUNl0UdFA+1SrY4fnykeq1FVkUEUtwRGHs9VvlYbGA==",
      "engines": {
        "node": "*"
      }
    },
    "node_modules/final-fs": {
      "version": "1.6.1",
      "resolved": "https://registry.npmjs.org/final-fs/-/final-fs-1.6.1.tgz",
      "integrity": "sha512-r5dgz23H8qh1LxKVJK84zet2PhWSWkIOgbLVUd5PlNFAULD/kCDBH9JEMwJt9dpdTnLsSD4rEqS56p2MH7Wbvw==",
      "dependencies": {
        "node-fs": "~0.1.5",
        "when": "~2.0.1"
      }
    },
    "node_modules/final-fs/node_modules/when": {
      "version": "2.0.1",
      "resolved": "https://registry.npmjs.org/when/-/when-2.0.1.tgz",
      "integrity": "sha512-h0l57vFJ4YQe1/U+C+oqBfAoopxXABUm6VqWM0x2gg4pARru4IUWo/PAxyawWgbGtndXrZbA41EzsfxacZVEXQ=="
    },
    "node_modules/loaddir": {
      "version": "2.1.4",
      "resolved": "https://registry.npmjs.org/loaddir/-/loaddir-2.1.4.tgz",
      "integrity": "sha512-0n3vswpPsMbgrasIwIGWnIuehrMYZpwxbHlXJjHDbM5uslxKQjWWcm5kbtX8SNl8jmNsGZVdgOTFeGQZ3RODeA==",
      "dependencies": {
        "callsite": "^1.0.0",
        "coffee-script": "^1.9.1",
        "colors": "0.6.1",
        "debug": "^0.8.1",
        "final-fs": "^1.6.0",
        "underscore": ">=1.5.1",
        "when": "^3.0.0"
      },
      "engines": {
        "node": "*"
      }
    },
    "node_modules/loaddir/node_modules/colors": {
      "version": "0.6.1",
      "resolved": "https://registry.npmjs.org/colors/-/colors-0.6.1.tgz",
      "integrity": "sha512-DdUIWF0E63UvZTBYYlE7GDg2fdN7VJcOcL8uI9ZZt4/6P4swW4gha0JTScEWuIAsmYFvyp5P2aodEf6TTJ2Ikg==",
      "engines": {
        "node": ">=0.1.90"
      }
    },
    "node_modules/node-fs": {
      "version": "0.1.7",
      "resolved": "https://registry.npmjs.org/node-fs/-/node-fs-0.1.7.tgz",
      "integrity": "sha512-XqDBlmUKgDGe76+lZ/0sRBF3XW2vVcK07+ZPvdpUTK8jrvtPahUd0aBqJ9+ZjB01ANjZLuvK3O/eoMVmz62rpA==",
      "os": [
        "linux",
        "darwin",
        "freebsd",
        "win32",
        "smartos",
        "sunos"
      ],
      "engines": {
        "node": ">=0.1.97"
      }
    },
    "node_modules/underscore": {
      "version": "1.13.6",
      "resolved": "https://registry.npmjs.org/underscore/-/underscore-1.13.6.tgz",
      "integrity": "sha512-+A5Sja4HP1M08MaXya7p5LvjuM7K6q/2EaC0+iovj/wOcMsTzMvDFbasi/oSapiwOlt252IqsKqPjCl7huKS0A=="
    },
    "node_modules/when": {
      "version": "3.7.8",
      "resolved": "https://registry.npmjs.org/when/-/when-3.7.8.tgz",
      "integrity": "sha512-5cZ7mecD3eYcMiCH4wtRPA5iFJZ50BJYDfckI5RRpQiktMiYTcn0ccLTZOvcbBume+1304fQztxeNzNS9Gvrnw=="
    }
  }
}
